# @generated by Move, please check-in and do not edit manually.

[move]
version = 3
manifest_digest = "F82F74B934A5F1F5FD3DF80301327FE43C8B6DEADA1AF79AA9A7051E4B40A52E"
deps_digest = "3C4103934B1E040BB6B23F1D610B4EF9F2F1166A50A104EADCF77467C004C600"
dependencies = [
  { id = "Sui", name = "Sui" },
  { id = "usdc", name = "usdc" },
]

[[move.package]]
id = "MoveStdlib"
source = { git = "https://github.com/MystenLabs/sui.git", rev = "framework/testnet", subdir = "crates/sui-framework/packages/move-stdlib" }

[[move.package]]
id = "Sui"
source = { git = "https://github.com/MystenLabs/sui.git", rev = "framework/testnet", subdir = "crates/sui-framework/packages/sui-framework" }

dependencies = [
  { id = "MoveStdlib", name = "MoveStdlib" },
]

[[move.package]]
id = "stablecoin"
source = { git = "https://github.com/circlefin/stablecoin-sui.git", rev = "master", subdir = "packages/stablecoin" }

dependencies = [
  { id = "Sui", name = "Sui" },
  { id = "sui_extensions", name = "sui_extensions" },
]

[[move.package]]
id = "sui_extensions"
source = { git = "https://github.com/circlefin/stablecoin-sui.git", rev = "master", subdir = "packages/sui_extensions" }

dependencies = [
  { id = "Sui", name = "Sui" },
]

[[move.package]]
id = "usdc"
source = { git = "https://github.com/circlefin/stablecoin-sui.git", rev = "master", subdir = "packages/usdc" }

dependencies = [
  { id = "Sui", name = "Sui" },
  { id = "stablecoin", name = "stablecoin" },
  { id = "sui_extensions", name = "sui_extensions" },
]

[move.toolchain-version]
compiler-version = "1.56.1"
edition = "2024.beta"
flavor = "sui"

[env]

[env.testnet]
chain-id = "4c78adac"
original-published-id = "0xbfea609e22c96e824ec0d9fa32d21c825823117283ab9a418e6059b46da10fce"
latest-published-id = "0xbfea609e22c96e824ec0d9fa32d21c825823117283ab9a418e6059b46da10fce"
published-version = "1"
