# Generated by move; do not edit
# This file should be checked in.

[move]
version = 3
manifest_digest = "5FC7C6DC32D04F1F20986C555766BB3881BD8CFF6571661BC0B6005DA5EF4D1F"
deps_digest = "3C4103934B1E040BB6B23F1D610B4EF9F2F1166A50A104EADCF77467C004C600"
dependencies = [
  { id = "Sui", name = "Sui" },
  { id = "enclave", name = "enclave" },
]

[[move.package]]
id = "MoveStdlib"
source = { git = "https://github.com/MystenLabs/sui.git", rev = "testnet-v1.61.2", subdir = "crates/sui-framework/packages/move-stdlib" }

[[move.package]]
id = "Sui"
source = { git = "https://github.com/MystenLabs/sui.git", rev = "testnet-v1.61.2", subdir = "crates/sui-framework/packages/sui-framework" }

dependencies = [
  { id = "MoveStdlib", name = "MoveStdlib" },
]

[pinned.testnet.MoveStdlib]
source = { git = "https://github.com/MystenLabs/sui.git", subdir = "crates/sui-framework/packages/move-stdlib", rev = "6c229fe6c04fb21ec98751c798e57e9a00e028e2" }
use_environment = "testnet"
manifest_digest = "C4FE4C91DE74CBF223B2E380AE40F592177D21870DC2D7EB6227D2D694E05363"
deps = {}

[[move.package]]
id = "enclave"
source = { local = "../enclave" }

dependencies = [
  { id = "Sui", name = "Sui" },
]

[move.toolchain-version]
compiler-version = "1.61.2"
edition = "2024.beta"
flavor = "sui"

[pinned.testnet.Sui]
source = { git = "https://github.com/MystenLabs/sui.git", subdir = "crates/sui-framework/packages/sui-framework", rev = "6c229fe6c04fb21ec98751c798e57e9a00e028e2" }
use_environment = "testnet"
manifest_digest = "7AFB66695545775FBFBB2D3078ADFD084244D5002392E837FDE21D9EA1C6D01C"
deps = { MoveStdlib = "MoveStdlib" }

[pinned.testnet.enclave]
source = { local = "../enclave" }
use_environment = "testnet"
manifest_digest = "65066A1AFA6718772BD68F6AFE27843F2371E14C4CF891FC7DADDFA586DABF89"
deps = { Sui = "Sui" }

[pinned.testnet.mist_protocol]
source = { root = true }
use_environment = "testnet"
manifest_digest = "671791616B1D5F7ED5E89D1888E90FC8390DBDD4ECCF15F8676983076CE2F778"
deps = { Sui = "Sui", enclave = "enclave" }

[env]

[env.testnet]
chain-id = "4c78adac"
original-published-id = "0x721e4d1a9c221974966e8e6768c88e313e0bf7d580a3514239efaf4635943109"
latest-published-id = "0x721e4d1a9c221974966e8e6768c88e313e0bf7d580a3514239efaf4635943109"
published-version = "1"
