# @generated by Move, please check-in and do not edit manually.

[move]
version = 3
manifest_digest = "5CC7228968F324AB4C26AD3F6F20D5972A4283D3362F6CADA16D819DA9AE5CE8"
deps_digest = "3C4103934B1E040BB6B23F1D610B4EF9F2F1166A50A104EADCF77467C004C600"
dependencies = [
  { id = "Sui", name = "Sui" },
  { id = "enclave", name = "enclave" },
]

[[move.package]]
id = "Bridge"
source = { git = "https://github.com/MystenLabs/sui.git", rev = "b448b1d971bd6c1aac8ef4eee4305943806d5d5b", subdir = "crates/sui-framework/packages/bridge" }

dependencies = [
  { id = "MoveStdlib", name = "MoveStdlib" },
  { id = "Sui", name = "Sui" },
  { id = "SuiSystem", name = "SuiSystem" },
]

[[move.package]]
id = "MoveStdlib"
source = { git = "https://github.com/MystenLabs/sui.git", rev = "b448b1d971bd6c1aac8ef4eee4305943806d5d5b", subdir = "crates/sui-framework/packages/move-stdlib" }

[[move.package]]
id = "Sui"
source = { git = "https://github.com/MystenLabs/sui.git", rev = "b448b1d971bd6c1aac8ef4eee4305943806d5d5b", subdir = "crates/sui-framework/packages/sui-framework" }

dependencies = [
  { id = "MoveStdlib", name = "MoveStdlib" },
]

[[move.package]]
id = "SuiSystem"
source = { git = "https://github.com/MystenLabs/sui.git", rev = "b448b1d971bd6c1aac8ef4eee4305943806d5d5b", subdir = "crates/sui-framework/packages/sui-system" }

dependencies = [
  { id = "MoveStdlib", name = "MoveStdlib" },
  { id = "Sui", name = "Sui" },
]

[[move.package]]
id = "enclave"
source = { local = "../enclave" }

dependencies = [
  { id = "Bridge", name = "Bridge" },
  { id = "MoveStdlib", name = "MoveStdlib" },
  { id = "Sui", name = "Sui" },
  { id = "SuiSystem", name = "SuiSystem" },
]

[move.toolchain-version]
compiler-version = "1.56.2"
edition = "2024.beta"
flavor = "sui"

[env]

[env.testnet]
chain-id = "4c78adac"
original-published-id = "0x250a5b99b45a8c98e1e11a5094aac26feb9f92cbeee35ea1b2d0718ba4f5f317"
latest-published-id = "0x250a5b99b45a8c98e1e11a5094aac26feb9f92cbeee35ea1b2d0718ba4f5f317"
published-version = "1"
